
Microsoft Visual Studio Solution File, Format Version 12.00
# Visual Studio 15
VisualStudioVersion = 15.0.28307.1145
MinimumVisualStudioVersion = 10.0.40219.1
Project("{FAE04EC0-301F-11D3-BF4B-00C04F79EFBC}") = "Exercicio1", "Exercicio1\Exercicio1.csproj", "{88C51647-5C17-46EF-B28C-CE429F5F219E}"
EndProject
Project("{FAE04EC0-301F-11D3-BF4B-00C04F79EFBC}") = "Exercicio3", "Exercicio3\Exercicio3.csproj", "{AD9B01E2-F95D-41DF-83E8-E2658752E500}"
EndProject
Project("{FAE04EC0-301F-11D3-BF4B-00C04F79EFBC}") = "Exercicio6", "Exercicio6\Exercicio6.csproj", "{12A27712-E98D-434B-9D5E-B3E61328B1AB}"
EndProject
Project("{FAE04EC0-301F-11D3-BF4B-00C04F79EFBC}") = "Exercicio7", "Exercicio7\Exercicio7.csproj", "{3308E6D5-E535-48F1-9C13-B656DDFDE187}"
EndProject
Project("{FAE04EC0-301F-11D3-BF4B-00C04F79EFBC}") = "Exercicio4_e_5", "Exercicio4_e_5\Exercicio4_e_5.csproj", "{23B0D9A3-C576-44D2-8840-A1E1C2D8ACF0}"
EndProject
Project("{FAE04EC0-301F-11D3-BF4B-00C04F79EFBC}") = "Exercicio8", "Exercicio8\Exercicio8.csproj", "{6F96AA71-0ACE-4AFE-B9E6-1B74FD31E9EB}"
EndProject
Project("{FAE04EC0-301F-11D3-BF4B-00C04F79EFBC}") = "Exercicio 9", "Exercicio 9\Exercicio 9.csproj", "{D5375926-45D6-4610-8C62-3DC14F0251C0}"
EndProject
Global
	GlobalSection(SolutionConfigurationPlatforms) = preSolution
		Debug|Any CPU = Debug|Any CPU
		Release|Any CPU = Release|Any CPU
	EndGlobalSection
	GlobalSection(ProjectConfigurationPlatforms) = postSolution
		{88C51647-5C17-46EF-B28C-CE429F5F219E}.Debug|Any CPU.ActiveCfg = Debug|Any CPU
		{88C51647-5C17-46EF-B28C-CE429F5F219E}.Debug|Any CPU.Build.0 = Debug|Any CPU
		{88C51647-5C17-46EF-B28C-CE429F5F219E}.Release|Any CPU.ActiveCfg = Release|Any CPU
		{88C51647-5C17-46EF-B28C-CE429F5F219E}.Release|Any CPU.Build.0 = Release|Any CPU
		{AD9B01E2-F95D-41DF-83E8-E2658752E500}.Debug|Any CPU.ActiveCfg = Debug|Any CPU
		{AD9B01E2-F95D-41DF-83E8-E2658752E500}.Debug|Any CPU.Build.0 = Debug|Any CPU
		{AD9B01E2-F95D-41DF-83E8-E2658752E500}.Release|Any CPU.ActiveCfg = Release|Any CPU
		{AD9B01E2-F95D-41DF-83E8-E2658752E500}.Release|Any CPU.Build.0 = Release|Any CPU
		{12A27712-E98D-434B-9D5E-B3E61328B1AB}.Debug|Any CPU.ActiveCfg = Debug|Any CPU
		{12A27712-E98D-434B-9D5E-B3E61328B1AB}.Debug|Any CPU.Build.0 = Debug|Any CPU
		{12A27712-E98D-434B-9D5E-B3E61328B1AB}.Release|Any CPU.ActiveCfg = Release|Any CPU
		{12A27712-E98D-434B-9D5E-B3E61328B1AB}.Release|Any CPU.Build.0 = Release|Any CPU
		{3308E6D5-E535-48F1-9C13-B656DDFDE187}.Debug|Any CPU.ActiveCfg = Debug|Any CPU
		{3308E6D5-E535-48F1-9C13-B656DDFDE187}.Debug|Any CPU.Build.0 = Debug|Any CPU
		{3308E6D5-E535-48F1-9C13-B656DDFDE187}.Release|Any CPU.ActiveCfg = Release|Any CPU
		{3308E6D5-E535-48F1-9C13-B656DDFDE187}.Release|Any CPU.Build.0 = Release|Any CPU
		{23B0D9A3-C576-44D2-8840-A1E1C2D8ACF0}.Debug|Any CPU.ActiveCfg = Debug|Any CPU
		{23B0D9A3-C576-44D2-8840-A1E1C2D8ACF0}.Debug|Any CPU.Build.0 = Debug|Any CPU
		{23B0D9A3-C576-44D2-8840-A1E1C2D8ACF0}.Release|Any CPU.ActiveCfg = Release|Any CPU
		{23B0D9A3-C576-44D2-8840-A1E1C2D8ACF0}.Release|Any CPU.Build.0 = Release|Any CPU
		{6F96AA71-0ACE-4AFE-B9E6-1B74FD31E9EB}.Debug|Any CPU.ActiveCfg = Debug|Any CPU
		{6F96AA71-0ACE-4AFE-B9E6-1B74FD31E9EB}.Debug|Any CPU.Build.0 = Debug|Any CPU
		{6F96AA71-0ACE-4AFE-B9E6-1B74FD31E9EB}.Release|Any CPU.ActiveCfg = Release|Any CPU
		{6F96AA71-0ACE-4AFE-B9E6-1B74FD31E9EB}.Release|Any CPU.Build.0 = Release|Any CPU
		{D5375926-45D6-4610-8C62-3DC14F0251C0}.Debug|Any CPU.ActiveCfg = Debug|Any CPU
		{D5375926-45D6-4610-8C62-3DC14F0251C0}.Debug|Any CPU.Build.0 = Debug|Any CPU
		{D5375926-45D6-4610-8C62-3DC14F0251C0}.Release|Any CPU.ActiveCfg = Release|Any CPU
		{D5375926-45D6-4610-8C62-3DC14F0251C0}.Release|Any CPU.Build.0 = Release|Any CPU
	EndGlobalSection
	GlobalSection(SolutionProperties) = preSolution
		HideSolutionNode = FALSE
	EndGlobalSection
	GlobalSection(ExtensibilityGlobals) = postSolution
		SolutionGuid = {4EB2C087-D851-4962-A6AC-09A364AE4AB3}
	EndGlobalSection
EndGlobal
